
Microsoft Visual Studio Solution File, Format Version 12.00
# Visual Studio Version 16
VisualStudioVersion = 16.0.31112.23
MinimumVisualStudioVersion = 10.0.40219.1
Project("{9A19103F-16F7-4668-BE54-9A1E7A4F7556}") = "AspDotNetCore.Api", "API\AspDotNetCore.Api.csproj", "{8D4536D8-2B6B-47E6-ADFD-0D41FC5F2ECD}"
EndProject
Project("{9A19103F-16F7-4668-BE54-9A1E7A4F7556}") = "AspDotNetCore.DataAccess", "DataLayer\AspDotNetCore.DataAccess.csproj", "{75D8DA14-BC73-4189-A628-E1546A054A59}"
EndProject
Project("{9A19103F-16F7-4668-BE54-9A1E7A4F7556}") = "AspDotNetCore.Services", "BusinessLayer\AspDotNetCore.Services.csproj", "{926E0F72-544D-443F-B561-1693286D0275}"
EndProject
Project("{2150E333-8FDC-42A3-9474-1A3956D46DE8}") = "src", "src", "{C588DF82-1D62-451C-A9E8-869A372E7861}"
EndProject
Project("{2150E333-8FDC-42A3-9474-1A3956D46DE8}") = "API", "API", "{29B2208C-7A37-4B6E-A649-EE123534F748}"
EndProject
Project("{2150E333-8FDC-42A3-9474-1A3956D46DE8}") = "Core", "Core", "{6D33E440-3AFE-46C2-BFD9-96DC45295A4A}"
EndProject
Project("{2150E333-8FDC-42A3-9474-1A3956D46DE8}") = "Infrastructure", "Infrastructure", "{2C233EA1-BD59-4A7B-A702-825A73EE4AF1}"
EndProject
Project("{2150E333-8FDC-42A3-9474-1A3956D46DE8}") = "test", "test", "{3CACF8D2-B749-4E8F-9FE1-EA405CE8093B}"
EndProject
Global
	GlobalSection(SolutionConfigurationPlatforms) = preSolution
		Debug|Any CPU = Debug|Any CPU
		Release|Any CPU = Release|Any CPU
	EndGlobalSection
	GlobalSection(ProjectConfigurationPlatforms) = postSolution
		{8D4536D8-2B6B-47E6-ADFD-0D41FC5F2ECD}.Debug|Any CPU.ActiveCfg = Debug|Any CPU
		{8D4536D8-2B6B-47E6-ADFD-0D41FC5F2ECD}.Debug|Any CPU.Build.0 = Debug|Any CPU
		{8D4536D8-2B6B-47E6-ADFD-0D41FC5F2ECD}.Release|Any CPU.ActiveCfg = Release|Any CPU
		{8D4536D8-2B6B-47E6-ADFD-0D41FC5F2ECD}.Release|Any CPU.Build.0 = Release|Any CPU
		{75D8DA14-BC73-4189-A628-E1546A054A59}.Debug|Any CPU.ActiveCfg = Debug|Any CPU
		{75D8DA14-BC73-4189-A628-E1546A054A59}.Debug|Any CPU.Build.0 = Debug|Any CPU
		{75D8DA14-BC73-4189-A628-E1546A054A59}.Release|Any CPU.ActiveCfg = Release|Any CPU
		{75D8DA14-BC73-4189-A628-E1546A054A59}.Release|Any CPU.Build.0 = Release|Any CPU
		{926E0F72-544D-443F-B561-1693286D0275}.Debug|Any CPU.ActiveCfg = Debug|Any CPU
		{926E0F72-544D-443F-B561-1693286D0275}.Debug|Any CPU.Build.0 = Debug|Any CPU
		{926E0F72-544D-443F-B561-1693286D0275}.Release|Any CPU.ActiveCfg = Release|Any CPU
		{926E0F72-544D-443F-B561-1693286D0275}.Release|Any CPU.Build.0 = Release|Any CPU
	EndGlobalSection
	GlobalSection(SolutionProperties) = preSolution
		HideSolutionNode = FALSE
	EndGlobalSection
	GlobalSection(NestedProjects) = preSolution
		{8D4536D8-2B6B-47E6-ADFD-0D41FC5F2ECD} = {29B2208C-7A37-4B6E-A649-EE123534F748}
		{75D8DA14-BC73-4189-A628-E1546A054A59} = {2C233EA1-BD59-4A7B-A702-825A73EE4AF1}
		{926E0F72-544D-443F-B561-1693286D0275} = {6D33E440-3AFE-46C2-BFD9-96DC45295A4A}
		{29B2208C-7A37-4B6E-A649-EE123534F748} = {C588DF82-1D62-451C-A9E8-869A372E7861}
		{6D33E440-3AFE-46C2-BFD9-96DC45295A4A} = {C588DF82-1D62-451C-A9E8-869A372E7861}
		{2C233EA1-BD59-4A7B-A702-825A73EE4AF1} = {C588DF82-1D62-451C-A9E8-869A372E7861}
	EndGlobalSection
	GlobalSection(ExtensibilityGlobals) = postSolution
		SolutionGuid = {21D26DA4-E69E-4CC7-A03D-A75DE1FD448E}
	EndGlobalSection
EndGlobal
